
Microsoft Visual Studio Solution File, Format Version 12.00
# Visual Studio Version 16
VisualStudioVersion = 16.0.30611.23
MinimumVisualStudioVersion = 10.0.40219.1
Project("{2150E333-8FDC-42A3-9474-1A3956D46DE8}") = "src", "src", "{80956D33-CC44-4472-998E-D360B7413D16}"
EndProject
Project("{2150E333-8FDC-42A3-9474-1A3956D46DE8}") = "Services", "Services", "{226B5033-06BE-46A2-A91B-CC9809FD58F4}"
EndProject
Project("{2150E333-8FDC-42A3-9474-1A3956D46DE8}") = "Customer", "Customer", "{965CDF56-92E7-4292-818F-584165341D66}"
EndProject
Project("{2150E333-8FDC-42A3-9474-1A3956D46DE8}") = "Customer.Grpc", "Customer.Grpc", "{A50BD4F7-2D9A-45D7-BF3C-4629A5DC34D7}"
EndProject
Project("{9A19103F-16F7-4668-BE54-9A1E7A4F7556}") = "Customer.Grpc", "src\Services\Customer\Customer.Grpc\Customer.Grpc.csproj", "{C04C3ED1-D149-4917-98B7-F8AFE2166D2A}"
EndProject
Project("{2150E333-8FDC-42A3-9474-1A3956D46DE8}") = "Ath", "Ath", "{84927E7F-C17A-4096-8DCB-273EBFE4678B}"
EndProject
Project("{2150E333-8FDC-42A3-9474-1A3956D46DE8}") = "Ath.Grpc", "Ath.Grpc", "{A4146386-1DF7-42E7-B85D-DBAC43D5B1EB}"
EndProject
Project("{9A19103F-16F7-4668-BE54-9A1E7A4F7556}") = "Ath.Grpc", "src\Services\Ath\Ath.Grpc\Ath.Grpc.csproj", "{899E835E-8E87-4F34-A8DA-15D2A1488B79}"
EndProject
Project("{E53339B2-1760-4266-BCC7-CA923CBCF16C}") = "docker-compose", "docker-compose.dcproj", "{BF5C6A46-0C2A-4E0F-85CC-FDB21C7E3E63}"
EndProject
Project("{2150E333-8FDC-42A3-9474-1A3956D46DE8}") = "InPerson", "InPerson", "{4BF86756-712D-49BF-8D73-25BE7620B8AE}"
EndProject
Project("{2150E333-8FDC-42A3-9474-1A3956D46DE8}") = "InPerson.Grpc", "InPerson.Grpc", "{FA3C4F0B-AE3A-4762-A7BF-CAACD5A8C634}"
EndProject
Project("{9A19103F-16F7-4668-BE54-9A1E7A4F7556}") = "InPerson.Grpc", "src\Services\InPerson\InPerson.Grpc\InPerson.Grpc.csproj", "{1EC29D28-CF25-4CAA-9090-F7A767BC33DF}"
EndProject
Global
	GlobalSection(SolutionConfigurationPlatforms) = preSolution
		Debug|Any CPU = Debug|Any CPU
		Release|Any CPU = Release|Any CPU
	EndGlobalSection
	GlobalSection(ProjectConfigurationPlatforms) = postSolution
		{C04C3ED1-D149-4917-98B7-F8AFE2166D2A}.Debug|Any CPU.ActiveCfg = Debug|Any CPU
		{C04C3ED1-D149-4917-98B7-F8AFE2166D2A}.Debug|Any CPU.Build.0 = Debug|Any CPU
		{C04C3ED1-D149-4917-98B7-F8AFE2166D2A}.Release|Any CPU.ActiveCfg = Release|Any CPU
		{C04C3ED1-D149-4917-98B7-F8AFE2166D2A}.Release|Any CPU.Build.0 = Release|Any CPU
		{899E835E-8E87-4F34-A8DA-15D2A1488B79}.Debug|Any CPU.ActiveCfg = Debug|Any CPU
		{899E835E-8E87-4F34-A8DA-15D2A1488B79}.Debug|Any CPU.Build.0 = Debug|Any CPU
		{899E835E-8E87-4F34-A8DA-15D2A1488B79}.Release|Any CPU.ActiveCfg = Release|Any CPU
		{899E835E-8E87-4F34-A8DA-15D2A1488B79}.Release|Any CPU.Build.0 = Release|Any CPU
		{BF5C6A46-0C2A-4E0F-85CC-FDB21C7E3E63}.Debug|Any CPU.ActiveCfg = Debug|Any CPU
		{BF5C6A46-0C2A-4E0F-85CC-FDB21C7E3E63}.Debug|Any CPU.Build.0 = Debug|Any CPU
		{BF5C6A46-0C2A-4E0F-85CC-FDB21C7E3E63}.Release|Any CPU.ActiveCfg = Release|Any CPU
		{BF5C6A46-0C2A-4E0F-85CC-FDB21C7E3E63}.Release|Any CPU.Build.0 = Release|Any CPU
		{1EC29D28-CF25-4CAA-9090-F7A767BC33DF}.Debug|Any CPU.ActiveCfg = Debug|Any CPU
		{1EC29D28-CF25-4CAA-9090-F7A767BC33DF}.Debug|Any CPU.Build.0 = Debug|Any CPU
		{1EC29D28-CF25-4CAA-9090-F7A767BC33DF}.Release|Any CPU.ActiveCfg = Release|Any CPU
		{1EC29D28-CF25-4CAA-9090-F7A767BC33DF}.Release|Any CPU.Build.0 = Release|Any CPU
	EndGlobalSection
	GlobalSection(SolutionProperties) = preSolution
		HideSolutionNode = FALSE
	EndGlobalSection
	GlobalSection(NestedProjects) = preSolution
		{226B5033-06BE-46A2-A91B-CC9809FD58F4} = {80956D33-CC44-4472-998E-D360B7413D16}
		{965CDF56-92E7-4292-818F-584165341D66} = {226B5033-06BE-46A2-A91B-CC9809FD58F4}
		{A50BD4F7-2D9A-45D7-BF3C-4629A5DC34D7} = {965CDF56-92E7-4292-818F-584165341D66}
		{C04C3ED1-D149-4917-98B7-F8AFE2166D2A} = {A50BD4F7-2D9A-45D7-BF3C-4629A5DC34D7}
		{84927E7F-C17A-4096-8DCB-273EBFE4678B} = {226B5033-06BE-46A2-A91B-CC9809FD58F4}
		{A4146386-1DF7-42E7-B85D-DBAC43D5B1EB} = {84927E7F-C17A-4096-8DCB-273EBFE4678B}
		{899E835E-8E87-4F34-A8DA-15D2A1488B79} = {A4146386-1DF7-42E7-B85D-DBAC43D5B1EB}
		{4BF86756-712D-49BF-8D73-25BE7620B8AE} = {226B5033-06BE-46A2-A91B-CC9809FD58F4}
		{FA3C4F0B-AE3A-4762-A7BF-CAACD5A8C634} = {4BF86756-712D-49BF-8D73-25BE7620B8AE}
		{1EC29D28-CF25-4CAA-9090-F7A767BC33DF} = {FA3C4F0B-AE3A-4762-A7BF-CAACD5A8C634}
	EndGlobalSection
	GlobalSection(ExtensibilityGlobals) = postSolution
		SolutionGuid = {50513ACE-10F6-4A26-A540-45B200A0289C}
	EndGlobalSection
EndGlobal
